
Microsoft Visual Studio Solution File, Format Version 12.00
# Visual Studio Version 16
VisualStudioVersion = 25.0.1706.5
MinimumVisualStudioVersion = 10.0.40219.1
Project("{FAE04EC0-301F-11D3-BF4B-00C04F79EFBC}") = "WebLabApp.Server", "WebLabApp\Server\WebLabApp.Server.csproj", "{B78F8E4E-92A6-4851-81A3-F541FB993386}"
EndProject
Project("{FAE04EC0-301F-11D3-BF4B-00C04F79EFBC}") = "WebLabApp.Client", "WebLabApp\Client\WebLabApp.Client.csproj", "{410D871A-3AB8-4589-A6B7-C79D8450B50A}"
EndProject
Project("{FAE04EC0-301F-11D3-BF4B-00C04F79EFBC}") = "WebLabApp.Shared", "WebLabApp\Shared\WebLabApp.Shared.csproj", "{0923BB77-F223-437A-A1EB-D5349DBF083A}"
EndProject
Global
	GlobalSection(SolutionConfigurationPlatforms) = preSolution
		Debug|Any CPU = Debug|Any CPU
		Release|Any CPU = Release|Any CPU
	EndGlobalSection
	GlobalSection(ProjectConfigurationPlatforms) = postSolution
		{B78F8E4E-92A6-4851-81A3-F541FB993386}.Debug|Any CPU.ActiveCfg = Debug|Any CPU
		{B78F8E4E-92A6-4851-81A3-F541FB993386}.Debug|Any CPU.Build.0 = Debug|Any CPU
		{B78F8E4E-92A6-4851-81A3-F541FB993386}.Release|Any CPU.ActiveCfg = Release|Any CPU
		{B78F8E4E-92A6-4851-81A3-F541FB993386}.Release|Any CPU.Build.0 = Release|Any CPU
		{410D871A-3AB8-4589-A6B7-C79D8450B50A}.Debug|Any CPU.ActiveCfg = Debug|Any CPU
		{410D871A-3AB8-4589-A6B7-C79D8450B50A}.Debug|Any CPU.Build.0 = Debug|Any CPU
		{410D871A-3AB8-4589-A6B7-C79D8450B50A}.Release|Any CPU.ActiveCfg = Release|Any CPU
		{410D871A-3AB8-4589-A6B7-C79D8450B50A}.Release|Any CPU.Build.0 = Release|Any CPU
		{0923BB77-F223-437A-A1EB-D5349DBF083A}.Debug|Any CPU.ActiveCfg = Debug|Any CPU
		{0923BB77-F223-437A-A1EB-D5349DBF083A}.Debug|Any CPU.Build.0 = Debug|Any CPU
		{0923BB77-F223-437A-A1EB-D5349DBF083A}.Release|Any CPU.ActiveCfg = Release|Any CPU
		{0923BB77-F223-437A-A1EB-D5349DBF083A}.Release|Any CPU.Build.0 = Release|Any CPU
	EndGlobalSection
	GlobalSection(SolutionProperties) = preSolution
		HideSolutionNode = FALSE
	EndGlobalSection
	GlobalSection(ExtensibilityGlobals) = postSolution
		SolutionGuid = {3DF49E8D-3237-46C9-8E78-925DCFEF111D}
	EndGlobalSection
EndGlobal
